// !$*UTF8*$!
{
    archiveVersion = 1;
    classes = {};
    objectVersion = 77;
    objects = {
        A00000000000000000000001 = {isa = PBXProject; attributes = {BuildIndependentTargetsInParallel = YES; LastUpgradeCheck = 2630; TargetAttributes = {A00000000000000000000002 = {CreatedOnToolsVersion = 26.3;}; A00000000000000000000003 = {CreatedOnToolsVersion = 26.3; TestTargetID = A00000000000000000000002;};};}; buildConfigurationList = A00000000000000000000010; compatibilityVersion = "Xcode 16.0"; developmentRegion = "zh-Hans"; knownRegions = ("zh-Hans", en, Base); mainGroup = A00000000000000000000004; productRefGroup = A00000000000000000000007; packageReferences = (A00000000000000000000050); projectDirPath = ""; projectRoot = ""; targets = (A00000000000000000000002, A00000000000000000000003);};
        A00000000000000000000002 = {isa = PBXNativeTarget; buildConfigurationList = A00000000000000000000011; buildPhases = (A00000000000000000000020, A00000000000000000000021, A00000000000000000000022); buildRules = (); dependencies = (); fileSystemSynchronizedGroups = (A00000000000000000000005); name = Selfcraft; packageProductDependencies = (A00000000000000000000051); productName = Selfcraft; productReference = A00000000000000000000008; productType = "com.apple.product-type.application";};
        A00000000000000000000003 = {isa = PBXNativeTarget; buildConfigurationList = A00000000000000000000012; buildPhases = (A00000000000000000000023, A00000000000000000000024, A00000000000000000000025); buildRules = (); dependencies = (A00000000000000000000030); fileSystemSynchronizedGroups = (A00000000000000000000006); name = SelfcraftTests; productName = SelfcraftTests; productReference = A00000000000000000000009; productType = "com.apple.product-type.bundle.unit-test";};
        A00000000000000000000004 = {isa = PBXGroup; children = (A00000000000000000000005, A00000000000000000000006, A00000000000000000000007); sourceTree = "<group>";};
        A00000000000000000000005 = {isa = PBXFileSystemSynchronizedRootGroup; path = Selfcraft; sourceTree = "<group>";};
        A00000000000000000000006 = {isa = PBXFileSystemSynchronizedRootGroup; path = SelfcraftTests; sourceTree = "<group>";};
        A00000000000000000000007 = {isa = PBXGroup; children = (A00000000000000000000008, A00000000000000000000009); name = Products; sourceTree = "<group>";};
        A00000000000000000000008 = {isa = PBXFileReference; explicitFileType = wrapper.application; path = Selfcraft.app; sourceTree = BUILT_PRODUCTS_DIR;};
        A00000000000000000000009 = {isa = PBXFileReference; explicitFileType = wrapper.cfbundle; path = SelfcraftTests.xctest; sourceTree = BUILT_PRODUCTS_DIR;};
        A00000000000000000000010 = {isa = XCConfigurationList; buildConfigurations = (A00000000000000000000040, A00000000000000000000041); defaultConfigurationIsVisible = 0; defaultConfigurationName = Release;};
        A00000000000000000000011 = {isa = XCConfigurationList; buildConfigurations = (A00000000000000000000042, A00000000000000000000043); defaultConfigurationIsVisible = 0; defaultConfigurationName = Release;};
        A00000000000000000000012 = {isa = XCConfigurationList; buildConfigurations = (A00000000000000000000044, A00000000000000000000045); defaultConfigurationIsVisible = 0; defaultConfigurationName = Release;};
        A00000000000000000000020 = {isa = PBXSourcesBuildPhase; buildActionMask = 2147483647; files = (); runOnlyForDeploymentPostprocessing = 0;};
        A00000000000000000000021 = {isa = PBXFrameworksBuildPhase; buildActionMask = 2147483647; files = (A00000000000000000000052); runOnlyForDeploymentPostprocessing = 0;};
        A00000000000000000000022 = {isa = PBXResourcesBuildPhase; buildActionMask = 2147483647; files = (); runOnlyForDeploymentPostprocessing = 0;};
        A00000000000000000000023 = {isa = PBXSourcesBuildPhase; buildActionMask = 2147483647; files = (); runOnlyForDeploymentPostprocessing = 0;};
        A00000000000000000000024 = {isa = PBXFrameworksBuildPhase; buildActionMask = 2147483647; files = (); runOnlyForDeploymentPostprocessing = 0;};
        A00000000000000000000025 = {isa = PBXResourcesBuildPhase; buildActionMask = 2147483647; files = (); runOnlyForDeploymentPostprocessing = 0;};
        A00000000000000000000030 = {isa = PBXTargetDependency; target = A00000000000000000000002; targetProxy = A00000000000000000000031;};
        A00000000000000000000031 = {isa = PBXContainerItemProxy; containerPortal = A00000000000000000000001; proxyType = 1; remoteGlobalIDString = A00000000000000000000002; remoteInfo = Selfcraft;};
        A00000000000000000000040 = {isa = XCBuildConfiguration; name = Debug; buildSettings = {SDKROOT = iphoneos; IPHONEOS_DEPLOYMENT_TARGET = 18.0; SWIFT_VERSION = 6.0; CLANG_ENABLE_MODULES = YES; SWIFT_OPTIMIZATION_LEVEL = "-Onone"; ONLY_ACTIVE_ARCH = YES; ENABLE_TESTABILITY = YES; DEBUG_INFORMATION_FORMAT = dwarf; SWIFT_ACTIVE_COMPILATION_CONDITIONS = "DEBUG $(inherited)";};};
        A00000000000000000000041 = {isa = XCBuildConfiguration; name = Release; buildSettings = {SDKROOT = iphoneos; IPHONEOS_DEPLOYMENT_TARGET = 18.0; SWIFT_VERSION = 6.0; CLANG_ENABLE_MODULES = YES; SWIFT_OPTIMIZATION_LEVEL = "-O"; ENABLE_TESTABILITY = YES; DEBUG_INFORMATION_FORMAT = dwarf; SWIFT_ACTIVE_COMPILATION_CONDITIONS = "$(inherited)";};};
        A00000000000000000000042 = {isa = XCBuildConfiguration; name = Debug; buildSettings = {PRODUCT_BUNDLE_IDENTIFIER = dev.selfcraft.ios; PRODUCT_NAME = "$(TARGET_NAME)"; INFOPLIST_FILE = Config/Debug.plist; TARGETED_DEVICE_FAMILY = 1; CODE_SIGN_STYLE = Automatic; SWIFT_EMIT_LOC_STRINGS = YES; ASSETCATALOG_COMPILER_GENERATE_SWIFT_ASSET_SYMBOL_EXTENSIONS = NO; ASSETCATALOG_COMPILER_APPICON_NAME = AppIcon; SUPPORTED_PLATFORMS = "iphoneos iphonesimulator"; };};
        A00000000000000000000043 = {isa = XCBuildConfiguration; name = Release; buildSettings = {PRODUCT_BUNDLE_IDENTIFIER = dev.selfcraft.ios; PRODUCT_NAME = "$(TARGET_NAME)"; INFOPLIST_FILE = Config/Release.plist; TARGETED_DEVICE_FAMILY = 1; CODE_SIGN_STYLE = Automatic; SWIFT_EMIT_LOC_STRINGS = YES; ASSETCATALOG_COMPILER_GENERATE_SWIFT_ASSET_SYMBOL_EXTENSIONS = NO; ASSETCATALOG_COMPILER_APPICON_NAME = AppIcon; SUPPORTED_PLATFORMS = "iphoneos iphonesimulator"; };};
        A00000000000000000000044 = {isa = XCBuildConfiguration; name = Debug; buildSettings = {PRODUCT_BUNDLE_IDENTIFIER = dev.selfcraft.ios.tests; PRODUCT_NAME = "$(TARGET_NAME)"; GENERATE_INFOPLIST_FILE = YES; TARGETED_DEVICE_FAMILY = 1; TEST_HOST = "$(BUILT_PRODUCTS_DIR)/Selfcraft.app/$(BUNDLE_EXECUTABLE_FOLDER_PATH)/Selfcraft"; BUNDLE_LOADER = "$(TEST_HOST)"; };};
        A00000000000000000000045 = {isa = XCBuildConfiguration; name = Release; buildSettings = {PRODUCT_BUNDLE_IDENTIFIER = dev.selfcraft.ios.tests; PRODUCT_NAME = "$(TARGET_NAME)"; GENERATE_INFOPLIST_FILE = YES; TARGETED_DEVICE_FAMILY = 1; TEST_HOST = "$(BUILT_PRODUCTS_DIR)/Selfcraft.app/$(BUNDLE_EXECUTABLE_FOLDER_PATH)/Selfcraft"; BUNDLE_LOADER = "$(TEST_HOST)"; };};
        A00000000000000000000050 = {isa = XCRemoteSwiftPackageReference; repositoryURL = "https://github.com/LiYanan2004/MarkdownView.git"; requirement = {kind = revision; revision = 700fe702a29349007a3e6ff5064e35128f8af0a6;};};
        A00000000000000000000051 = {isa = XCSwiftPackageProductDependency; package = A00000000000000000000050; productName = MarkdownView;};
        A00000000000000000000052 = {isa = PBXBuildFile; productRef = A00000000000000000000051;};
    };
    rootObject = A00000000000000000000001;
}
